
Microsoft Visual Studio Solution File, Format Version 12.00
# Visual Studio Version 17
VisualStudioVersion = 17.9.34728.123
MinimumVisualStudioVersion = 10.0.40219.1
Project("{FAE04EC0-301F-11D3-BF4B-00C04F79EFBC}") = "BoatProject", "BoatProject.csproj", "{C330374E-4E88-46BF-85A7-6BC47B96B5DE}"
EndProject
Global
	GlobalSection(SolutionConfigurationPlatforms) = preSolution
		Debug|Any CPU = Debug|Any CPU
		Release|Any CPU = Release|Any CPU
	EndGlobalSection
	GlobalSection(ProjectConfigurationPlatforms) = postSolution
		{C330374E-4E88-46BF-85A7-6BC47B96B5DE}.Debug|Any CPU.ActiveCfg = Debug|Any CPU
		{C330374E-4E88-46BF-85A7-6BC47B96B5DE}.Debug|Any CPU.Build.0 = Debug|Any CPU
		{C330374E-4E88-46BF-85A7-6BC47B96B5DE}.Release|Any CPU.ActiveCfg = Release|Any CPU
		{C330374E-4E88-46BF-85A7-6BC47B96B5DE}.Release|Any CPU.Build.0 = Release|Any CPU
	EndGlobalSection
	GlobalSection(SolutionProperties) = preSolution
		HideSolutionNode = FALSE
	EndGlobalSection
	GlobalSection(ExtensibilityGlobals) = postSolution
		SolutionGuid = {A57B2011-3A27-4879-930E-E65A0EA6C798}
	EndGlobalSection
EndGlobal
